Microsoft Visual Studio Solution File, Format Version 12.00
Project("{2150E333-8FDC-42A3-9474-1A3956D46DE8}") = "_Libs", "_Libs", "{278B91CB-008A-457F-BE60-615884410B7B}"
EndProject
Project("{FAE04EC0-301F-11D3-BF4B-00C04F79EFBC}") = "MaterialDesign.Color", "_Libs\MaterialDesign.Color\MaterialDesign.Color.csproj", "{DBD3EAD2-94CC-4D60-9241-2C85B436DE19}"
EndProject
Project("{FAE04EC0-301F-11D3-BF4B-00C04F79EFBC}") = "MaterialDesign.Theming", "_Libs\MaterialDesign.Theming\MaterialDesign.Theming.csproj", "{F62517E0-2AA2-4A68-A9CD-008A97CD2DA1}"
EndProject
Project("{FAE04EC0-301F-11D3-BF4B-00C04F79EFBC}") = "MaterialDesign.Theming.Web", "_Libs\MaterialDesign.Theming.Web\MaterialDesign.Theming.Web.csproj", "{509E1CC0-5759-44D8-8A19-5CEA611F16D1}"
EndProject
Project("{FAE04EC0-301F-11D3-BF4B-00C04F79EFBC}") = "MaterialDesign.Color.Extensions", "_Libs\MaterialDesign.Color.Extensions\MaterialDesign.Color.Extensions.csproj", "{038875A5-9EFC-4B4D-9955-D867C0316647}"
EndProject
Project("{2150E333-8FDC-42A3-9474-1A3956D46DE8}") = "Tools", "Tools", "{08DD0B4F-96FD-46D1-AD8D-51D55E4C99FE}"
EndProject
Project("{FAE04EC0-301F-11D3-BF4B-00C04F79EFBC}") = "MaterialDesignCLI", "Tools\MaterialDesignCLI\MaterialDesignCLI.csproj", "{80B338E4-173F-4570-A762-7A9CA903A609}"
EndProject
Project("{FAE04EC0-301F-11D3-BF4B-00C04F79EFBC}") = "MaterialDesignShowcase", "Tools\MaterialDesignShowcase\MaterialDesignShowcase.csproj", "{FF937162-663F-44FE-9005-FACCEFC2AFF9}"
EndProject
Project("{FAE04EC0-301F-11D3-BF4B-00C04F79EFBC}") = "MaterialDesignTesting", "Tools\MaterialDesignTesting\MaterialDesignTesting.csproj", "{C13126C9-7942-4411-908B-8E4543D82EFE}"
EndProject
Project("{2150E333-8FDC-42A3-9474-1A3956D46DE8}") = "Displays", "Displays", "{D55D7A3B-D7DA-49D5-B6CF-2C5B68A92B58}"
EndProject
Project("{FAE04EC0-301F-11D3-BF4B-00C04F79EFBC}") = "MaterialDesign.Icons", "_Libs\MaterialDesign.Icons\MaterialDesign.Icons.csproj", "{A5AB1576-424B-4954-80A1-4DE2A95676BA}"
EndProject
Project("{FAE04EC0-301F-11D3-BF4B-00C04F79EFBC}") = "MaterialDesignShowcase.Client", "Tools\MaterialDesignShowcase.Client\MaterialDesignShowcase.Client.csproj", "{3937936E-C262-4670-B689-D24613D95264}"
EndProject
Project("{FAE04EC0-301F-11D3-BF4B-00C04F79EFBC}") = "MaterialDesign.Web", "_Libs\MaterialDesign.Web\MaterialDesign.Web.csproj", "{C0D3FFFA-EBFC-461A-A9ED-A8CA7DBFF3B9}"
EndProject
Project("{FAE04EC0-301F-11D3-BF4B-00C04F79EFBC}") = "MusicApp", "Displays\MusicApp\MusicApp.csproj", "{CFB210BC-2AD4-427E-A5C0-EEF8C37FF082}"
EndProject
Project("{FAE04EC0-301F-11D3-BF4B-00C04F79EFBC}") = "MaterialDesign.Theming.Web.MudBlazor", "_Libs\MaterialDesign.Theming.Web.MudBlazor\MaterialDesign.Theming.Web.MudBlazor.csproj", "{5BD54A5F-F296-4695-AB38-5BE1B91688B7}"
EndProject
Project("{FAE04EC0-301F-11D3-BF4B-00C04F79EFBC}") = "MaterialDesignWebTesting", "Tools\MaterialDesignWebTesting\MaterialDesignWebTesting.csproj", "{3781EACE-6915-42C5-9832-E742D0B1B3C9}"
EndProject
Project("{FAE04EC0-301F-11D3-BF4B-00C04F79EFBC}") = "MaterialDesign.Color.Schemes.Custom", "_Libs\MaterialDesign.Color.Schemes.Custom\MaterialDesign.Color.Schemes.Custom.csproj", "{BBB96EBF-C109-4B89-AD95-0D2511F849BC}"
EndProject
Project("{FAE04EC0-301F-11D3-BF4B-00C04F79EFBC}") = "MaterialDesignCustomSchemes", "Tools\MaterialDesignCustomSchemes\MaterialDesignCustomSchemes.csproj", "{922BDB94-3549-4384-BF15-4C48333B78CF}"
EndProject
Project("{FAE04EC0-301F-11D3-BF4B-00C04F79EFBC}") = "ChromaDistanceGenerator", "Tools\ChromaDistanceGenerator\ChromaDistanceGenerator.csproj", "{5CC3AA21-7A79-4A71-8C78-84F7C34F80AB}"
EndProject
Global
	GlobalSection(SolutionConfigurationPlatforms) = preSolution
		Debug|Any CPU = Debug|Any CPU
		Release|Any CPU = Release|Any CPU
	EndGlobalSection
	GlobalSection(ProjectConfigurationPlatforms) = postSolution
		{DBD3EAD2-94CC-4D60-9241-2C85B436DE19}.Debug|Any CPU.ActiveCfg = Debug|Any CPU
		{DBD3EAD2-94CC-4D60-9241-2C85B436DE19}.Debug|Any CPU.Build.0 = Debug|Any CPU
		{DBD3EAD2-94CC-4D60-9241-2C85B436DE19}.Release|Any CPU.ActiveCfg = Release|Any CPU
		{DBD3EAD2-94CC-4D60-9241-2C85B436DE19}.Release|Any CPU.Build.0 = Release|Any CPU
		{C13126C9-7942-4411-908B-8E4543D82EFE}.Debug|Any CPU.ActiveCfg = Debug|Any CPU
		{C13126C9-7942-4411-908B-8E4543D82EFE}.Debug|Any CPU.Build.0 = Debug|Any CPU
		{C13126C9-7942-4411-908B-8E4543D82EFE}.Release|Any CPU.ActiveCfg = Release|Any CPU
		{C13126C9-7942-4411-908B-8E4543D82EFE}.Release|Any CPU.Build.0 = Release|Any CPU
		{FF937162-663F-44FE-9005-FACCEFC2AFF9}.Debug|Any CPU.ActiveCfg = Debug|Any CPU
		{FF937162-663F-44FE-9005-FACCEFC2AFF9}.Debug|Any CPU.Build.0 = Debug|Any CPU
		{FF937162-663F-44FE-9005-FACCEFC2AFF9}.Release|Any CPU.ActiveCfg = Release|Any CPU
		{FF937162-663F-44FE-9005-FACCEFC2AFF9}.Release|Any CPU.Build.0 = Release|Any CPU
		{F62517E0-2AA2-4A68-A9CD-008A97CD2DA1}.Debug|Any CPU.ActiveCfg = Debug|Any CPU
		{F62517E0-2AA2-4A68-A9CD-008A97CD2DA1}.Debug|Any CPU.Build.0 = Debug|Any CPU
		{F62517E0-2AA2-4A68-A9CD-008A97CD2DA1}.Release|Any CPU.ActiveCfg = Release|Any CPU
		{F62517E0-2AA2-4A68-A9CD-008A97CD2DA1}.Release|Any CPU.Build.0 = Release|Any CPU
		{80B338E4-173F-4570-A762-7A9CA903A609}.Debug|Any CPU.ActiveCfg = Debug|Any CPU
		{80B338E4-173F-4570-A762-7A9CA903A609}.Debug|Any CPU.Build.0 = Debug|Any CPU
		{80B338E4-173F-4570-A762-7A9CA903A609}.Release|Any CPU.ActiveCfg = Release|Any CPU
		{80B338E4-173F-4570-A762-7A9CA903A609}.Release|Any CPU.Build.0 = Release|Any CPU
		{509E1CC0-5759-44D8-8A19-5CEA611F16D1}.Debug|Any CPU.ActiveCfg = Debug|Any CPU
		{509E1CC0-5759-44D8-8A19-5CEA611F16D1}.Debug|Any CPU.Build.0 = Debug|Any CPU
		{509E1CC0-5759-44D8-8A19-5CEA611F16D1}.Release|Any CPU.ActiveCfg = Release|Any CPU
		{509E1CC0-5759-44D8-8A19-5CEA611F16D1}.Release|Any CPU.Build.0 = Release|Any CPU
		{038875A5-9EFC-4B4D-9955-D867C0316647}.Debug|Any CPU.ActiveCfg = Debug|Any CPU
		{038875A5-9EFC-4B4D-9955-D867C0316647}.Debug|Any CPU.Build.0 = Debug|Any CPU
		{038875A5-9EFC-4B4D-9955-D867C0316647}.Release|Any CPU.ActiveCfg = Release|Any CPU
		{038875A5-9EFC-4B4D-9955-D867C0316647}.Release|Any CPU.Build.0 = Release|Any CPU
		{A5AB1576-424B-4954-80A1-4DE2A95676BA}.Debug|Any CPU.ActiveCfg = Debug|Any CPU
		{A5AB1576-424B-4954-80A1-4DE2A95676BA}.Debug|Any CPU.Build.0 = Debug|Any CPU
		{A5AB1576-424B-4954-80A1-4DE2A95676BA}.Release|Any CPU.ActiveCfg = Release|Any CPU
		{A5AB1576-424B-4954-80A1-4DE2A95676BA}.Release|Any CPU.Build.0 = Release|Any CPU
		{3937936E-C262-4670-B689-D24613D95264}.Debug|Any CPU.ActiveCfg = Debug|Any CPU
		{3937936E-C262-4670-B689-D24613D95264}.Debug|Any CPU.Build.0 = Debug|Any CPU
		{3937936E-C262-4670-B689-D24613D95264}.Release|Any CPU.ActiveCfg = Release|Any CPU
		{3937936E-C262-4670-B689-D24613D95264}.Release|Any CPU.Build.0 = Release|Any CPU
		{C0D3FFFA-EBFC-461A-A9ED-A8CA7DBFF3B9}.Debug|Any CPU.ActiveCfg = Debug|Any CPU
		{C0D3FFFA-EBFC-461A-A9ED-A8CA7DBFF3B9}.Debug|Any CPU.Build.0 = Debug|Any CPU
		{C0D3FFFA-EBFC-461A-A9ED-A8CA7DBFF3B9}.Release|Any CPU.ActiveCfg = Release|Any CPU
		{C0D3FFFA-EBFC-461A-A9ED-A8CA7DBFF3B9}.Release|Any CPU.Build.0 = Release|Any CPU
		{CFB210BC-2AD4-427E-A5C0-EEF8C37FF082}.Debug|Any CPU.ActiveCfg = Debug|Any CPU
		{CFB210BC-2AD4-427E-A5C0-EEF8C37FF082}.Debug|Any CPU.Build.0 = Debug|Any CPU
		{CFB210BC-2AD4-427E-A5C0-EEF8C37FF082}.Release|Any CPU.ActiveCfg = Release|Any CPU
		{CFB210BC-2AD4-427E-A5C0-EEF8C37FF082}.Release|Any CPU.Build.0 = Release|Any CPU
		{5BD54A5F-F296-4695-AB38-5BE1B91688B7}.Debug|Any CPU.ActiveCfg = Debug|Any CPU
		{5BD54A5F-F296-4695-AB38-5BE1B91688B7}.Debug|Any CPU.Build.0 = Debug|Any CPU
		{5BD54A5F-F296-4695-AB38-5BE1B91688B7}.Release|Any CPU.ActiveCfg = Release|Any CPU
		{5BD54A5F-F296-4695-AB38-5BE1B91688B7}.Release|Any CPU.Build.0 = Release|Any CPU
		{3781EACE-6915-42C5-9832-E742D0B1B3C9}.Debug|Any CPU.ActiveCfg = Debug|Any CPU
		{3781EACE-6915-42C5-9832-E742D0B1B3C9}.Debug|Any CPU.Build.0 = Debug|Any CPU
		{3781EACE-6915-42C5-9832-E742D0B1B3C9}.Release|Any CPU.ActiveCfg = Release|Any CPU
		{3781EACE-6915-42C5-9832-E742D0B1B3C9}.Release|Any CPU.Build.0 = Release|Any CPU
		{BBB96EBF-C109-4B89-AD95-0D2511F849BC}.Debug|Any CPU.ActiveCfg = Debug|Any CPU
		{BBB96EBF-C109-4B89-AD95-0D2511F849BC}.Debug|Any CPU.Build.0 = Debug|Any CPU
		{BBB96EBF-C109-4B89-AD95-0D2511F849BC}.Release|Any CPU.ActiveCfg = Release|Any CPU
		{BBB96EBF-C109-4B89-AD95-0D2511F849BC}.Release|Any CPU.Build.0 = Release|Any CPU
		{922BDB94-3549-4384-BF15-4C48333B78CF}.Debug|Any CPU.ActiveCfg = Debug|Any CPU
		{922BDB94-3549-4384-BF15-4C48333B78CF}.Debug|Any CPU.Build.0 = Debug|Any CPU
		{922BDB94-3549-4384-BF15-4C48333B78CF}.Release|Any CPU.ActiveCfg = Release|Any CPU
		{922BDB94-3549-4384-BF15-4C48333B78CF}.Release|Any CPU.Build.0 = Release|Any CPU
		{5CC3AA21-7A79-4A71-8C78-84F7C34F80AB}.Debug|Any CPU.ActiveCfg = Debug|Any CPU
		{5CC3AA21-7A79-4A71-8C78-84F7C34F80AB}.Debug|Any CPU.Build.0 = Debug|Any CPU
		{5CC3AA21-7A79-4A71-8C78-84F7C34F80AB}.Release|Any CPU.ActiveCfg = Release|Any CPU
		{5CC3AA21-7A79-4A71-8C78-84F7C34F80AB}.Release|Any CPU.Build.0 = Release|Any CPU
	EndGlobalSection
	GlobalSection(NestedProjects) = preSolution
		{DBD3EAD2-94CC-4D60-9241-2C85B436DE19} = {278B91CB-008A-457F-BE60-615884410B7B}
		{038875A5-9EFC-4B4D-9955-D867C0316647} = {278B91CB-008A-457F-BE60-615884410B7B}
		{F62517E0-2AA2-4A68-A9CD-008A97CD2DA1} = {278B91CB-008A-457F-BE60-615884410B7B}
		{509E1CC0-5759-44D8-8A19-5CEA611F16D1} = {278B91CB-008A-457F-BE60-615884410B7B}
		{80B338E4-173F-4570-A762-7A9CA903A609} = {08DD0B4F-96FD-46D1-AD8D-51D55E4C99FE}
		{FF937162-663F-44FE-9005-FACCEFC2AFF9} = {08DD0B4F-96FD-46D1-AD8D-51D55E4C99FE}
		{C13126C9-7942-4411-908B-8E4543D82EFE} = {08DD0B4F-96FD-46D1-AD8D-51D55E4C99FE}
		{A5AB1576-424B-4954-80A1-4DE2A95676BA} = {278B91CB-008A-457F-BE60-615884410B7B}
		{3937936E-C262-4670-B689-D24613D95264} = {08DD0B4F-96FD-46D1-AD8D-51D55E4C99FE}
		{C0D3FFFA-EBFC-461A-A9ED-A8CA7DBFF3B9} = {278B91CB-008A-457F-BE60-615884410B7B}
		{CFB210BC-2AD4-427E-A5C0-EEF8C37FF082} = {D55D7A3B-D7DA-49D5-B6CF-2C5B68A92B58}
		{5BD54A5F-F296-4695-AB38-5BE1B91688B7} = {278B91CB-008A-457F-BE60-615884410B7B}
		{3781EACE-6915-42C5-9832-E742D0B1B3C9} = {08DD0B4F-96FD-46D1-AD8D-51D55E4C99FE}
		{BBB96EBF-C109-4B89-AD95-0D2511F849BC} = {278B91CB-008A-457F-BE60-615884410B7B}
		{922BDB94-3549-4384-BF15-4C48333B78CF} = {08DD0B4F-96FD-46D1-AD8D-51D55E4C99FE}
		{5CC3AA21-7A79-4A71-8C78-84F7C34F80AB} = {08DD0B4F-96FD-46D1-AD8D-51D55E4C99FE}
	EndGlobalSection
EndGlobal
